
Microsoft Visual Studio Solution File, Format Version 12.00
# Visual Studio Express 2012 for Windows Desktop
Project("{FAE04EC0-301F-11D3-BF4B-00C04F79EFBC}") = "Cinnamon", "Cinnamon\Cinnamon.csproj", "{53BA2841-C1C9-4A88-A9B5-29CAB70E2E01}"
EndProject
Project("{FAE04EC0-301F-11D3-BF4B-00C04F79EFBC}") = "WindowsFormsApplication2", "WindowsFormsApplication2\WindowsFormsApplication2.csproj", "{0034E031-A60F-40E4-810D-8EC250E7E204}"
EndProject
Global
	GlobalSection(SolutionConfigurationPlatforms) = preSolution
		Debug|Any CPU = Debug|Any CPU
		Release|Any CPU = Release|Any CPU
	EndGlobalSection
	GlobalSection(ProjectConfigurationPlatforms) = postSolution
		{53BA2841-C1C9-4A88-A9B5-29CAB70E2E01}.Debug|Any CPU.ActiveCfg = Debug|Any CPU
		{53BA2841-C1C9-4A88-A9B5-29CAB70E2E01}.Debug|Any CPU.Build.0 = Debug|Any CPU
		{53BA2841-C1C9-4A88-A9B5-29CAB70E2E01}.Release|Any CPU.ActiveCfg = Release|Any CPU
		{53BA2841-C1C9-4A88-A9B5-29CAB70E2E01}.Release|Any CPU.Build.0 = Release|Any CPU
		{0034E031-A60F-40E4-810D-8EC250E7E204}.Debug|Any CPU.ActiveCfg = Debug|Any CPU
		{0034E031-A60F-40E4-810D-8EC250E7E204}.Debug|Any CPU.Build.0 = Debug|Any CPU
		{0034E031-A60F-40E4-810D-8EC250E7E204}.Release|Any CPU.ActiveCfg = Release|Any CPU
		{0034E031-A60F-40E4-810D-8EC250E7E204}.Release|Any CPU.Build.0 = Release|Any CPU
	EndGlobalSection
	GlobalSection(SolutionProperties) = preSolution
		HideSolutionNode = FALSE
	EndGlobalSection
EndGlobal
